// !$*UTF8*$!
{
	archiveVersion = 1;
	classes = {
	};
	objectVersion = 46;
	objects = {

/* Begin PBXBuildFile section */
		D5609EBC19FEB54200AD3CA5 /* PhotoCell.swift in Sources */ = {isa = PBXBuildFile; fileRef = D5609EBB19FEB54200AD3CA5 /* PhotoCell.swift */; };
		D5908A541A01609F005D509C /* ObjectiveCFile.m in Sources */ = {isa = PBXBuildFile; fileRef = D5908A531A01609F005D509C /* ObjectiveCFile.m */; };
		D5908A561A072398005D509C /* PhotosDetailsViewController.swift in Sources */ = {isa = PBXBuildFile; fileRef = D5908A551A072398005D509C /* PhotosDetailsViewController.swift */; };
		D5E0E3FB19FD632600D44D2B /* AppDelegate.swift in Sources */ = {isa = PBXBuildFile; fileRef = D5E0E3FA19FD632600D44D2B /* AppDelegate.swift */; };
		D5E0E3FD19FD632600D44D2B /* ViewController.swift in Sources */ = {isa = PBXBuildFile; fileRef = D5E0E3FC19FD632600D44D2B /* ViewController.swift */; };
		D5E0E40019FD632600D44D2B /* Main.storyboard in Resources */ = {isa = PBXBuildFile; fileRef = D5E0E3FE19FD632600D44D2B /* Main.storyboard */; };
		D5E0E40219FD632600D44D2B /* Images.xcassets in Resources */ = {isa = PBXBuildFile; fileRef = D5E0E40119FD632600D44D2B /* Images.xcassets */; };
		D5E0E40519FD632600D44D2B /* LaunchScreen.xib in Resources */ = {isa = PBXBuildFile; fileRef = D5E0E40319FD632600D44D2B /* LaunchScreen.xib */; };
		D5E0E41119FD632600D44D2B /* InstagramTableViewTests.swift in Sources */ = {isa = PBXBuildFile; fileRef = D5E0E41019FD632600D44D2B /* InstagramTableViewTests.swift */; };
		D5E0E41B19FD697B00D44D2B /* NamesCell.swift in Sources */ = {isa = PBXBuildFile; fileRef = D5E0E41A19FD697B00D44D2B /* NamesCell.swift */; };
		D6A8441BA034F4D53373B486 /* libPods.a in Frameworks */ = {isa = PBXBuildFile; fileRef = EBC0DF31F121621FAB8EB70B /* libPods.a */; };
/* End PBXBuildFile section */

/* Begin PBXContainerItemProxy section */
		D5E0E40B19FD632600D44D2B /* PBXContainerItemProxy */ = {
			isa = PBXContainerItemProxy;
			containerPortal = D5E0E3ED19FD632500D44D2B /* Project object */;
			proxyType = 1;
			remoteGlobalIDString = D5E0E3F419FD632500D44D2B;
			remoteInfo = InstagramTableView;
		};
/* End PBXContainerItemProxy section */

/* Begin PBXFileReference section */
		1382298468ED6C8483380B91 /* Pods.release.xcconfig */ = {isa = PBXFileReference; includeInIndex = 1; lastKnownFileType = text.xcconfig; name = Pods.release.xcconfig; path = "Pods/Target Support Files/Pods/Pods.release.xcconfig"; sourceTree = "<group>"; };
		51A2B83206B8E89DB174AC90 /* Pods.debug.xcconfig */ = {isa = PBXFileReference; includeInIndex = 1; lastKnownFileType = text.xcconfig; name = Pods.debug.xcconfig; path = "Pods/Target Support Files/Pods/Pods.debug.xcconfig"; sourceTree = "<group>"; };
		D5609EBB19FEB54200AD3CA5 /* PhotoCell.swift */ = {isa = PBXFileReference; fileEncoding = 4; lastKnownFileType = sourcecode.swift; path = PhotoCell.swift; sourceTree = "<group>"; };
		D5908A521A01609F005D509C /* InstagramTableView-Bridging-Header.h */ = {isa = PBXFileReference; lastKnownFileType = sourcecode.c.h; path = "InstagramTableView-Bridging-Header.h"; sourceTree = "<group>"; };
		D5908A531A01609F005D509C /* ObjectiveCFile.m */ = {isa = PBXFileReference; fileEncoding = 4; lastKnownFileType = sourcecode.c.objc; path = ObjectiveCFile.m; sourceTree = "<group>"; };
		D5908A551A072398005D509C /* PhotosDetailsViewController.swift */ = {isa = PBXFileReference; fileEncoding = 4; lastKnownFileType = sourcecode.swift; path = PhotosDetailsViewController.swift; sourceTree = "<group>"; };
		D5E0E3F519FD632600D44D2B /* InstagramTableView.app */ = {isa = PBXFileReference; explicitFileType = wrapper.application; includeInIndex = 0; path = InstagramTableView.app; sourceTree = BUILT_PRODUCTS_DIR; };
		D5E0E3F919FD632600D44D2B /* Info.plist */ = {isa = PBXFileReference; lastKnownFileType = text.plist.xml; path = Info.plist; sourceTree = "<group>"; };
		D5E0E3FA19FD632600D44D2B /* AppDelegate.swift */ = {isa = PBXFileReference; lastKnownFileType = sourcecode.swift; path = AppDelegate.swift; sourceTree = "<group>"; };
		D5E0E3FC19FD632600D44D2B /* ViewController.swift */ = {isa = PBXFileReference; lastKnownFileType = sourcecode.swift; path = ViewController.swift; sourceTree = "<group>"; };
		D5E0E3FF19FD632600D44D2B /* Base */ = {isa = PBXFileReference; lastKnownFileType = file.storyboard; name = Base; path = Base.lproj/Main.storyboard; sourceTree = "<group>"; };
		D5E0E40119FD632600D44D2B /* Images.xcassets */ = {isa = PBXFileReference; lastKnownFileType = folder.assetcatalog; path = Images.xcassets; sourceTree = "<group>"; };
		D5E0E40419FD632600D44D2B /* Base */ = {isa = PBXFileReference; lastKnownFileType = file.xib; name = Base; path = Base.lproj/LaunchScreen.xib; sourceTree = "<group>"; };
		D5E0E40A19FD632600D44D2B /* InstagramTableViewTests.xctest */ = {isa = PBXFileReference; explicitFileType = wrapper.cfbundle; includeInIndex = 0; path = InstagramTableViewTests.xctest; sourceTree = BUILT_PRODUCTS_DIR; };
		D5E0E40F19FD632600D44D2B /* Info.plist */ = {isa = PBXFileReference; lastKnownFileType = text.plist.xml; path = Info.plist; sourceTree = "<group>"; };
		D5E0E41019FD632600D44D2B /* InstagramTableViewTests.swift */ = {isa = PBXFileReference; lastKnownFileType = sourcecode.swift; path = InstagramTableViewTests.swift; sourceTree = "<group>"; };
		D5E0E41A19FD697B00D44D2B /* NamesCell.swift */ = {isa = PBXFileReference; fileEncoding = 4; lastKnownFileType = sourcecode.swift; path = NamesCell.swift; sourceTree = "<group>"; };
		D5E0E41C19FD706800D44D2B /* MyPlayground.playground */ = {isa = PBXFileReference; lastKnownFileType = file.playground; path = MyPlayground.playground; sourceTree = "<group>"; };
		EBC0DF31F121621FAB8EB70B /* libPods.a */ = {isa = PBXFileReference; explicitFileType = archive.ar; includeInIndex = 0; path = libPods.a; sourceTree = BUILT_PRODUCTS_DIR; };
/* End PBXFileReference section */

/* Begin PBXFrameworksBuildPhase section */
		D5E0E3F219FD632500D44D2B /* Frameworks */ = {
			isa = PBXFrameworksBuildPhase;
			buildActionMask = 2147483647;
			files = (
				D6A8441BA034F4D53373B486 /* libPods.a in Frameworks */,
			);
			runOnlyForDeploymentPostprocessing = 0;
		};
		D5E0E40719FD632600D44D2B /* Frameworks */ = {
			isa = PBXFrameworksBuildPhase;
			buildActionMask = 2147483647;
			files = (
			);
			runOnlyForDeploymentPostprocessing = 0;
		};
/* End PBXFrameworksBuildPhase section */

/* Begin PBXGroup section */
		70A22C2C3CD42D2DEAAB85A6 /* Frameworks */ = {
			isa = PBXGroup;
			children = (
				EBC0DF31F121621FAB8EB70B /* libPods.a */,
			);
			name = Frameworks;
			sourceTree = "<group>";
		};
		C581F1C806E31EC69811D1FC /* Pods */ = {
			isa = PBXGroup;
			children = (
				51A2B83206B8E89DB174AC90 /* Pods.debug.xcconfig */,
				1382298468ED6C8483380B91 /* Pods.release.xcconfig */,
			);
			name = Pods;
			sourceTree = "<group>";
		};
		D5E0E3EC19FD632500D44D2B = {
			isa = PBXGroup;
			children = (
				D5E0E3F719FD632600D44D2B /* InstagramTableView */,
				D5E0E40D19FD632600D44D2B /* InstagramTableViewTests */,
				D5E0E3F619FD632600D44D2B /* Products */,
				C581F1C806E31EC69811D1FC /* Pods */,
				70A22C2C3CD42D2DEAAB85A6 /* Frameworks */,
			);
			sourceTree = "<group>";
		};
		D5E0E3F619FD632600D44D2B /* Products */ = {
			isa = PBXGroup;
			children = (
				D5E0E3F519FD632600D44D2B /* InstagramTableView.app */,
				D5E0E40A19FD632600D44D2B /* InstagramTableViewTests.xctest */,
			);
			name = Products;
			sourceTree = "<group>";
		};
		D5E0E3F719FD632600D44D2B /* InstagramTableView */ = {
			isa = PBXGroup;
			children = (
				D5E0E3FA19FD632600D44D2B /* AppDelegate.swift */,
				D5E0E3FC19FD632600D44D2B /* ViewController.swift */,
				D5E0E41C19FD706800D44D2B /* MyPlayground.playground */,
				D5E0E3FE19FD632600D44D2B /* Main.storyboard */,
				D5908A551A072398005D509C /* PhotosDetailsViewController.swift */,
				D5609EBB19FEB54200AD3CA5 /* PhotoCell.swift */,
				D5908A531A01609F005D509C /* ObjectiveCFile.m */,
				D5E0E41A19FD697B00D44D2B /* NamesCell.swift */,
				D5E0E40119FD632600D44D2B /* Images.xcassets */,
				D5E0E40319FD632600D44D2B /* LaunchScreen.xib */,
				D5E0E3F819FD632600D44D2B /* Supporting Files */,
				D5908A521A01609F005D509C /* InstagramTableView-Bridging-Header.h */,
			);
			path = InstagramTableView;
			sourceTree = "<group>";
		};
		D5E0E3F819FD632600D44D2B /* Supporting Files */ = {
			isa = PBXGroup;
			children = (
				D5E0E3F919FD632600D44D2B /* Info.plist */,
			);
			name = "Supporting Files";
			sourceTree = "<group>";
		};
		D5E0E40D19FD632600D44D2B /* InstagramTableViewTests */ = {
			isa = PBXGroup;
			children = (
				D5E0E41019FD632600D44D2B /* InstagramTableViewTests.swift */,
				D5E0E40E19FD632600D44D2B /* Supporting Files */,
			);
			path = InstagramTableViewTests;
			sourceTree = "<group>";
		};
		D5E0E40E19FD632600D44D2B /* Supporting Files */ = {
			isa = PBXGroup;
			children = (
				D5E0E40F19FD632600D44D2B /* Info.plist */,
			);
			name = "Supporting Files";
			sourceTree = "<group>";
		};
/* End PBXGroup section */

/* Begin PBXNativeTarget section */
		D5E0E3F419FD632500D44D2B /* InstagramTableView */ = {
			isa = PBXNativeTarget;
			buildConfigurationList = D5E0E41419FD632600D44D2B /* Build configuration list for PBXNativeTarget "InstagramTableView" */;
			buildPhases = (
				FCDFE46D5E788E9CF1FB936A /* Check Pods Manifest.lock */,
				D5E0E3F119FD632500D44D2B /* Sources */,
				D5E0E3F219FD632500D44D2B /* Frameworks */,
				D5E0E3F319FD632500D44D2B /* Resources */,
				8D8F9A7BABA1C6777B7B106F /* Copy Pods Resources */,
			);
			buildRules = (
			);
			dependencies = (
			);
			name = InstagramTableView;
			productName = InstagramTableView;
			productReference = D5E0E3F519FD632600D44D2B /* InstagramTableView.app */;
			productType = "com.apple.product-type.application";
		};
		D5E0E40919FD632600D44D2B /* InstagramTableViewTests */ = {
			isa = PBXNativeTarget;
			buildConfigurationList = D5E0E41719FD632600D44D2B /* Build configuration list for PBXNativeTarget "InstagramTableViewTests" */;
			buildPhases = (
				D5E0E40619FD632600D44D2B /* Sources */,
				D5E0E40719FD632600D44D2B /* Frameworks */,
				D5E0E40819FD632600D44D2B /* Resources */,
			);
			buildRules = (
			);
			dependencies = (
				D5E0E40C19FD632600D44D2B /* PBXTargetDependency */,
			);
			name = InstagramTableViewTests;
			productName = InstagramTableViewTests;
			productReference = D5E0E40A19FD632600D44D2B /* InstagramTableViewTests.xctest */;
			productType = "com.apple.product-type.bundle.unit-test";
		};
/* End PBXNativeTarget section */

/* Begin PBXProject section */
		D5E0E3ED19FD632500D44D2B /* Project object */ = {
			isa = PBXProject;
			attributes = {
				LastUpgradeCheck = 0600;
				ORGANIZATIONNAME = MichaelWEllison;
				TargetAttributes = {
					D5E0E3F419FD632500D44D2B = {
						CreatedOnToolsVersion = 6.0;
					};
					D5E0E40919FD632600D44D2B = {
						CreatedOnToolsVersion = 6.0;
						TestTargetID = D5E0E3F419FD632500D44D2B;
					};
				};
			};
			buildConfigurationList = D5E0E3F019FD632500D44D2B /* Build configuration list for PBXProject "InstagramTableView" */;
			compatibilityVersion = "Xcode 3.2";
			developmentRegion = English;
			hasScannedForEncodings = 0;
			knownRegions = (
				en,
				Base,
			);
			mainGroup = D5E0E3EC19FD632500D44D2B;
			productRefGroup = D5E0E3F619FD632600D44D2B /* Products */;
			projectDirPath = "";
			projectRoot = "";
			targets = (
				D5E0E3F419FD632500D44D2B /* InstagramTableView */,
				D5E0E40919FD632600D44D2B /* InstagramTableViewTests */,
			);
		};
/* End PBXProject section */

/* Begin PBXResourcesBuildPhase section */
		D5E0E3F319FD632500D44D2B /* Resources */ = {
			isa = PBXResourcesBuildPhase;
			buildActionMask = 2147483647;
			files = (
				D5E0E40019FD632600D44D2B /* Main.storyboard in Resources */,
				D5E0E40519FD632600D44D2B /* LaunchScreen.xib in Resources */,
				D5E0E40219FD632600D44D2B /* Images.xcassets in Resources */,
			);
			runOnlyForDeploymentPostprocessing = 0;
		};
		D5E0E40819FD632600D44D2B /* Resources */ = {
			isa = PBXResourcesBuildPhase;
			buildActionMask = 2147483647;
			files = (
			);
			runOnlyForDeploymentPostprocessing = 0;
		};
/* End PBXResourcesBuildPhase section */

/* Begin PBXShellScriptBuildPhase section */
		8D8F9A7BABA1C6777B7B106F /* Copy Pods Resources */ = {
			isa = PBXShellScriptBuildPhase;
			buildActionMask = 2147483647;
			files = (
			);
			inputPaths = (
			);
			name = "Copy Pods Resources";
			outputPaths = (
			);
			runOnlyForDeploymentPostprocessing = 0;
			shellPath = /bin/sh;
			shellScript = "\"${SRCROOT}/Pods/Target Support Files/Pods/Pods-resources.sh\"\n";
			showEnvVarsInLog = 0;
		};
		FCDFE46D5E788E9CF1FB936A /* Check Pods Manifest.lock */ = {
			isa = PBXShellScriptBuildPhase;
			buildActionMask = 2147483647;
			files = (
			);
			inputPaths = (
			);
			name = "Check Pods Manifest.lock";
			outputPaths = (
			);
			runOnlyForDeploymentPostprocessing = 0;
			shellPath = /bin/sh;
			shellScript = "diff \"${PODS_ROOT}/../Podfile.lock\" \"${PODS_ROOT}/Manifest.lock\" > /dev/null\nif [[ $? != 0 ]] ; then\n    cat << EOM\nerror: The sandbox is not in sync with the Podfile.lock. Run 'pod install' or update your CocoaPods installation.\nEOM\n    exit 1\nfi\n";
			showEnvVarsInLog = 0;
		};
/* End PBXShellScriptBuildPhase section */

/* Begin PBXSourcesBuildPhase section */
		D5E0E3F119FD632500D44D2B /* Sources */ = {
			isa = PBXSourcesBuildPhase;
			buildActionMask = 2147483647;
			files = (
				D5908A561A072398005D509C /* PhotosDetailsViewController.swift in Sources */,
				D5609EBC19FEB54200AD3CA5 /* PhotoCell.swift in Sources */,
				D5E0E41B19FD697B00D44D2B /* NamesCell.swift in Sources */,
				D5908A541A01609F005D509C /* ObjectiveCFile.m in Sources */,
				D5E0E3FD19FD632600D44D2B /* ViewController.swift in Sources */,
				D5E0E3FB19FD632600D44D2B /* AppDelegate.swift in Sources */,
			);
			runOnlyForDeploymentPostprocessing = 0;
		};
		D5E0E40619FD632600D44D2B /* Sources */ = {
			isa = PBXSourcesBuildPhase;
			buildActionMask = 2147483647;
			files = (
				D5E0E41119FD632600D44D2B /* InstagramTableViewTests.swift in Sources */,
			);
			runOnlyForDeploymentPostprocessing = 0;
		};
/* End PBXSourcesBuildPhase section */

/* Begin PBXTargetDependency section */
		D5E0E40C19FD632600D44D2B /* PBXTargetDependency */ = {
			isa = PBXTargetDependency;
			target = D5E0E3F419FD632500D44D2B /* InstagramTableView */;
			targetProxy = D5E0E40B19FD632600D44D2B /* PBXContainerItemProxy */;
		};
/* End PBXTargetDependency section */

/* Begin PBXVariantGroup section */
		D5E0E3FE19FD632600D44D2B /* Main.storyboard */ = {
			isa = PBXVariantGroup;
			children = (
				D5E0E3FF19FD632600D44D2B /* Base */,
			);
			name = Main.storyboard;
			sourceTree = "<group>";
		};
		D5E0E40319FD632600D44D2B /* LaunchScreen.xib */ = {
			isa = PBXVariantGroup;
			children = (
				D5E0E40419FD632600D44D2B /* Base */,
			);
			name = LaunchScreen.xib;
			sourceTree = "<group>";
		};
/* End PBXVariantGroup section */

/* Begin XCBuildConfiguration section */
		D5E0E41219FD632600D44D2B /* Debug */ = {
			isa = XCBuildConfiguration;
			buildSettings = {
				ALWAYS_SEARCH_USER_PATHS = NO;
				CLANG_CXX_LANGUAGE_STANDARD = "gnu++0x";
				CLANG_CXX_LIBRARY = "libc++";
				CLANG_ENABLE_MODULES = YES;
				CLANG_ENABLE_OBJC_ARC = YES;
				CLANG_WARN_BOOL_CONVERSION = YES;
				CLANG_WARN_CONSTANT_CONVERSION = YES;
				CLANG_WARN_DIRECT_OBJC_ISA_USAGE = YES_ERROR;
				CLANG_WARN_EMPTY_BODY = YES;
				CLANG_WARN_ENUM_CONVERSION = YES;
				CLANG_WARN_INT_CONVERSION = YES;
				CLANG_WARN_OBJC_ROOT_CLASS = YES_ERROR;
				CLANG_WARN_UNREACHABLE_CODE = YES;
				CLANG_WARN__DUPLICATE_METHOD_MATCH = YES;
				"CODE_SIGN_IDENTITY[sdk=iphoneos*]" = "iPhone Developer";
				COPY_PHASE_STRIP = NO;
				ENABLE_STRICT_OBJC_MSGSEND = YES;
				GCC_C_LANGUAGE_STANDARD = gnu99;
				GCC_DYNAMIC_NO_PIC = NO;
				GCC_OPTIMIZATION_LEVEL = 0;
				GCC_PREPROCESSOR_DEFINITIONS = (
					"DEBUG=1",
					"$(inherited)",
				);
				GCC_SYMBOLS_PRIVATE_EXTERN = NO;
				GCC_WARN_64_TO_32_BIT_CONVERSION = YES;
				GCC_WARN_ABOUT_RETURN_TYPE = YES_ERROR;
				GCC_WARN_UNDECLARED_SELECTOR = YES;
				GCC_WARN_UNINITIALIZED_AUTOS = YES_AGGRESSIVE;
				GCC_WARN_UNUSED_FUNCTION = YES;
				GCC_WARN_UNUSED_VARIABLE = YES;
				IPHONEOS_DEPLOYMENT_TARGET = 8.0;
				MTL_ENABLE_DEBUG_INFO = YES;
				ONLY_ACTIVE_ARCH = YES;
				SDKROOT = iphoneos;
				SWIFT_OPTIMIZATION_LEVEL = "-Onone";
			};
			name = Debug;
		};
		D5E0E41319FD632600D44D2B /* Release */ = {
			isa = XCBuildConfiguration;
			buildSettings = {
				ALWAYS_SEARCH_USER_PATHS = NO;
				CLANG_CXX_LANGUAGE_STANDARD = "gnu++0x";
				CLANG_CXX_LIBRARY = "libc++";
				CLANG_ENABLE_MODULES = YES;
				CLANG_ENABLE_OBJC_ARC = YES;
				CLANG_WARN_BOOL_CONVERSION = YES;
				CLANG_WARN_CONSTANT_CONVERSION = YES;
				CLANG_WARN_DIRECT_OBJC_ISA_USAGE = YES_ERROR;
				CLANG_WARN_EMPTY_BODY = YES;
				CLANG_WARN_ENUM_CONVERSION = YES;
				CLANG_WARN_INT_CONVERSION = YES;
				CLANG_WARN_OBJC_ROOT_CLASS = YES_ERROR;
				CLANG_WARN_UNREACHABLE_CODE = YES;
				CLANG_WARN__DUPLICATE_METHOD_MATCH = YES;
				"CODE_SIGN_IDENTITY[sdk=iphoneos*]" = "iPhone Developer";
				COPY_PHASE_STRIP = YES;
				ENABLE_NS_ASSERTIONS = NO;
				ENABLE_STRICT_OBJC_MSGSEND = YES;
				GCC_C_LANGUAGE_STANDARD = gnu99;
				GCC_WARN_64_TO_32_BIT_CONVERSION = YES;
				GCC_WARN_ABOUT_RETURN_TYPE = YES_ERROR;
				GCC_WARN_UNDECLARED_SELECTOR = YES;
				GCC_WARN_UNINITIALIZED_AUTOS = YES_AGGRESSIVE;
				GCC_WARN_UNUSED_FUNCTION = YES;
				GCC_WARN_UNUSED_VARIABLE = YES;
				IPHONEOS_DEPLOYMENT_TARGET = 8.0;
				MTL_ENABLE_DEBUG_INFO = NO;
				SDKROOT = iphoneos;
				VALIDATE_PRODUCT = YES;
			};
			name = Release;
		};
		D5E0E41519FD632600D44D2B /* Debug */ = {
			isa = XCBuildConfiguration;
			baseConfigurationReference = 51A2B83206B8E89DB174AC90 /* Pods.debug.xcconfig */;
			buildSettings = {
				ASSETCATALOG_COMPILER_APPICON_NAME = AppIcon;
				CLANG_ENABLE_MODULES = YES;
				INFOPLIST_FILE = InstagramTableView/Info.plist;
				LD_RUNPATH_SEARCH_PATHS = "$(inherited) @executable_path/Frameworks";
				PRODUCT_NAME = "$(TARGET_NAME)";
				SWIFT_OBJC_BRIDGING_HEADER = "InstagramTableView/InstagramTableView-Bridging-Header.h";
				SWIFT_OPTIMIZATION_LEVEL = "-Onone";
			};
			name = Debug;
		};
		D5E0E41619FD632600D44D2B /* Release */ = {
			isa = XCBuildConfiguration;
			baseConfigurationReference = 1382298468ED6C8483380B91 /* Pods.release.xcconfig */;
			buildSettings = {
				ASSETCATALOG_COMPILER_APPICON_NAME = AppIcon;
				CLANG_ENABLE_MODULES = YES;
				INFOPLIST_FILE = InstagramTableView/Info.plist;
				LD_RUNPATH_SEARCH_PATHS = "$(inherited) @executable_path/Frameworks";
				PRODUCT_NAME = "$(TARGET_NAME)";
				SWIFT_OBJC_BRIDGING_HEADER = "InstagramTableView/InstagramTableView-Bridging-Header.h";
			};
			name = Release;
		};
		D5E0E41819FD632600D44D2B /* Debug */ = {
			isa = XCBuildConfiguration;
			buildSettings = {
				BUNDLE_LOADER = "$(TEST_HOST)";
				FRAMEWORK_SEARCH_PATHS = (
					"$(SDKROOT)/Developer/Library/Frameworks",
					"$(inherited)",
				);
				GCC_PREPROCESSOR_DEFINITIONS = (
					"DEBUG=1",
					"$(inherited)",
				);
				INFOPLIST_FILE = InstagramTableViewTests/Info.plist;
				LD_RUNPATH_SEARCH_PATHS = "$(inherited) @executable_path/Frameworks @loader_path/Frameworks";
				PRODUCT_NAME = "$(TARGET_NAME)";
				TEST_HOST = "$(BUILT_PRODUCTS_DIR)/InstagramTableView.app/InstagramTableView";
			};
			name = Debug;
		};
		D5E0E41919FD632600D44D2B /* Release */ = {
			isa = XCBuildConfiguration;
			buildSettings = {
				BUNDLE_LOADER = "$(TEST_HOST)";
				FRAMEWORK_SEARCH_PATHS = (
					"$(SDKROOT)/Developer/Library/Frameworks",
					"$(inherited)",
				);
				INFOPLIST_FILE = InstagramTableViewTests/Info.plist;
				LD_RUNPATH_SEARCH_PATHS = "$(inherited) @executable_path/Frameworks @loader_path/Frameworks";
				PRODUCT_NAME = "$(TARGET_NAME)";
				TEST_HOST = "$(BUILT_PRODUCTS_DIR)/InstagramTableView.app/InstagramTableView";
			};
			name = Release;
		};
/* End XCBuildConfiguration section */

/* Begin XCConfigurationList section */
		D5E0E3F019FD632500D44D2B /* Build configuration list for PBXProject "InstagramTableView" */ = {
			isa = XCConfigurationList;
			buildConfigurations = (
				D5E0E41219FD632600D44D2B /* Debug */,
				D5E0E41319FD632600D44D2B /* Release */,
			);
			defaultConfigurationIsVisible = 0;
			defaultConfigurationName = Release;
		};
		D5E0E41419FD632600D44D2B /* Build configuration list for PBXNativeTarget "InstagramTableView" */ = {
			isa = XCConfigurationList;
			buildConfigurations = (
				D5E0E41519FD632600D44D2B /* Debug */,
				D5E0E41619FD632600D44D2B /* Release */,
			);
			defaultConfigurationIsVisible = 0;
			defaultConfigurationName = Release;
		};
		D5E0E41719FD632600D44D2B /* Build configuration list for PBXNativeTarget "InstagramTableViewTests" */ = {
			isa = XCConfigurationList;
			buildConfigurations = (
				D5E0E41819FD632600D44D2B /* Debug */,
				D5E0E41919FD632600D44D2B /* Release */,
			);
			defaultConfigurationIsVisible = 0;
			defaultConfigurationName = Release;
		};
/* End XCConfigurationList section */
	};
	rootObject = D5E0E3ED19FD632500D44D2B /* Project object */;
}
